{
    "_readme": [
        "This file locks the dependencies of your project to a known state",
        "Read more about it at https://getcomposer.org/doc/01-basic-usage.md#composer-lock-the-lock-file",
        "This file is @generated automatically"
    ],
    "hash": "0e3a394c1ce0eff8b4330dc79a89bab7",
    "content-hash": "61c9cbccdfdd97538ecc35c202156109",
    "packages": [
        {
            "name": "scheb/yahoo-finance-api",
            "version": "dev-master",
            "source": {
                "type": "git",
                "url": "https://github.com/scheb/yahoo-finance-api.git",
                "reference": "950a90d1be65a1fdd5a3a9182eb1c0a427ecb79d"
            },
            "dist": {
                "type": "zip",
                "url": "https://api.github.com/repos/scheb/yahoo-finance-api/zipball/950a90d1be65a1fdd5a3a9182eb1c0a427ecb79d",
                "reference": "950a90d1be65a1fdd5a3a9182eb1c0a427ecb79d",
                "shasum": ""
            },
            "require": {
                "php": ">=5.3.0"
            },
            "type": "library",
            "autoload": {
                "psr-4": {
                    "Scheb\\YahooFinanceApi\\": ""
                }
            },
            "notification-url": "https://packagist.org/downloads/",
            "license": [
                "MIT"
            ],
            "authors": [
                {
                    "name": "Christian Scheb",
                    "email": "me@christianscheb.de"
                }
            ],
            "description": "PHP library for accessing Yahoo Finance data",
            "homepage": "https://github.com/scheb/yahoo-finance-api",
            "keywords": [
                "api",
                "finance",
                "stock",
                "yahoo"
            ],
            "time": "2015-09-29 18:37:36"
        }
    ],
    "packages-dev": [],
    "aliases": [],
    "minimum-stability": "stable",
    "stability-flags": {
        "scheb/yahoo-finance-api": 20
    },
    "prefer-stable": false,
    "prefer-lowest": false,
    "platform": [],
    "platform-dev": []
}
